
Microsoft Visual Studio Solution File, Format Version 12.00
# Visual Studio 15
Project("{FAE04EC0-301F-11D3-BF4B-00C04F79EFBC}") = "Assembly-CSharp-Editor", "Assembly-CSharp-Editor.csproj", "{9DF50878-FF16-A46E-F868-66D6BB0FD691}"
EndProject
Project("{FAE04EC0-301F-11D3-BF4B-00C04F79EFBC}") = "Assembly-CSharp", "Assembly-CSharp.csproj", "{1D079E53-BB6A-BB81-A792-007535E501DB}"
EndProject
Global
	GlobalSection(SolutionConfigurationPlatforms) = preSolution
		Debug|Any CPU = Debug|Any CPU
		Release|Any CPU = Release|Any CPU
	EndGlobalSection
	GlobalSection(ProjectConfigurationPlatforms) = postSolution
		{9DF50878-FF16-A46E-F868-66D6BB0FD691}.Debug|Any CPU.ActiveCfg = Debug|Any CPU
		{9DF50878-FF16-A46E-F868-66D6BB0FD691}.Debug|Any CPU.Build.0 = Debug|Any CPU
		{9DF50878-FF16-A46E-F868-66D6BB0FD691}.Release|Any CPU.ActiveCfg = Release|Any CPU
		{9DF50878-FF16-A46E-F868-66D6BB0FD691}.Release|Any CPU.Build.0 = Release|Any CPU
		{1D079E53-BB6A-BB81-A792-007535E501DB}.Debug|Any CPU.ActiveCfg = Debug|Any CPU
		{1D079E53-BB6A-BB81-A792-007535E501DB}.Debug|Any CPU.Build.0 = Debug|Any CPU
		{1D079E53-BB6A-BB81-A792-007535E501DB}.Release|Any CPU.ActiveCfg = Release|Any CPU
		{1D079E53-BB6A-BB81-A792-007535E501DB}.Release|Any CPU.Build.0 = Release|Any CPU
	EndGlobalSection
	GlobalSection(SolutionProperties) = preSolution
		HideSolutionNode = FALSE
	EndGlobalSection
EndGlobal
